
Microsoft Visual Studio Solution File, Format Version 12.00
# Visual Studio Version 16
VisualStudioVersion = 16.0.32630.194
MinimumVisualStudioVersion = 10.0.40219.1
Project("{9A19103F-16F7-4668-BE54-9A1E7A4F7556}") = "AuthorizationMicroservice", "..\Pension-Management\AuthorizationMicroservice\AuthorizationMicroservice.csproj", "{B8E22FDB-6075-40E4-BA3E-9955DDE120D2}"
EndProject
Global
	GlobalSection(SolutionConfigurationPlatforms) = preSolution
		Debug|Any CPU = Debug|Any CPU
		Release|Any CPU = Release|Any CPU
	EndGlobalSection
	GlobalSection(ProjectConfigurationPlatforms) = postSolution
		{B8E22FDB-6075-40E4-BA3E-9955DDE120D2}.Debug|Any CPU.ActiveCfg = Debug|Any CPU
		{B8E22FDB-6075-40E4-BA3E-9955DDE120D2}.Debug|Any CPU.Build.0 = Debug|Any CPU
		{B8E22FDB-6075-40E4-BA3E-9955DDE120D2}.Release|Any CPU.ActiveCfg = Release|Any CPU
		{B8E22FDB-6075-40E4-BA3E-9955DDE120D2}.Release|Any CPU.Build.0 = Release|Any CPU
	EndGlobalSection
	GlobalSection(SolutionProperties) = preSolution
		HideSolutionNode = FALSE
	EndGlobalSection
	GlobalSection(ExtensibilityGlobals) = postSolution
		SolutionGuid = {BF00D300-DC04-43D5-9333-4DF2F3D682F2}
	EndGlobalSection
EndGlobal
