
Microsoft Visual Studio Solution File, Format Version 12.00
# Visual Studio Version 16
VisualStudioVersion = 16.0.32630.194
MinimumVisualStudioVersion = 10.0.40219.1
Project("{9A19103F-16F7-4668-BE54-9A1E7A4F7556}") = "AuthorizationMicroservice", "AuthorizationMicroservice.csproj", "{713A47F4-654B-41FC-90BA-83A52C57A783}"
EndProject
Global
	GlobalSection(SolutionConfigurationPlatforms) = preSolution
		Debug|Any CPU = Debug|Any CPU
		Release|Any CPU = Release|Any CPU
	EndGlobalSection
	GlobalSection(ProjectConfigurationPlatforms) = postSolution
		{713A47F4-654B-41FC-90BA-83A52C57A783}.Debug|Any CPU.ActiveCfg = Debug|Any CPU
		{713A47F4-654B-41FC-90BA-83A52C57A783}.Debug|Any CPU.Build.0 = Debug|Any CPU
		{713A47F4-654B-41FC-90BA-83A52C57A783}.Release|Any CPU.ActiveCfg = Release|Any CPU
		{713A47F4-654B-41FC-90BA-83A52C57A783}.Release|Any CPU.Build.0 = Release|Any CPU
	EndGlobalSection
	GlobalSection(SolutionProperties) = preSolution
		HideSolutionNode = FALSE
	EndGlobalSection
	GlobalSection(ExtensibilityGlobals) = postSolution
		SolutionGuid = {E324C67D-32CC-4FEB-9FBD-1DBE5ED4E0A9}
	EndGlobalSection
EndGlobal
